{
  "object": {
    "pins": [
      {
        "package": "PrettyColors",
        "repositoryURL": "https://github.com/jdhealy/PrettyColors.git",
        "state": {
          "branch": null,
          "revision": "afd4553a4db6f656521cfe9b1f70bece2748c7d8",
          "version": "5.0.2"
        }
      },
      {
        "package": "swift-argument-parser",
        "repositoryURL": "https://github.com/apple/swift-argument-parser",
        "state": {
          "branch": null,
          "revision": "92646c0cdbaca076c8d3d0207891785b3379cbff",
          "version": "0.3.1"
        }
      }
    ]
  },
  "version": 1
}
